# This file is autogenerated, do not edit; changes may be undone by the next 'dep ensure'.


[[projects]]
  branch = "master"
  name = "github.com/krasi-georgiev/rpiGpio"
  packages = ["."]
  revision = "bf67d46f266d572cd30f39588d519b2e09d96a79"

[[projects]]
  branch = "master"
  name = "github.com/zserge/hid"
  packages = ["."]
  revision = "8ac6f75332ed3cbdd4b5e48a10657dacc20643a4"

[solve-meta]
  analyzer-name = "dep"
  analyzer-version = 1
  inputs-digest = "da93dc8d476d316e95b773d6466b1ac8565077aead4adc0424d58e2dff557212"
  solver-name = "gps-cdcl"
  solver-version = 1
